// !$*UTF8*$!
{
	archiveVersion = 1;
	classes = {
	};
	objectVersion = 56;
	objects = {

/* Begin PBXBuildFile section */
		B776C5FC293C8D5A000A797A /* SamcomTechnoBrains_AssignmentApp.swift in Sources */ = {isa = PBXBuildFile; fileRef = B776C5FB293C8D5A000A797A /* SamcomTechnoBrains_AssignmentApp.swift */; };
		B776C5FE293C8D5A000A797A /* ContentView.swift in Sources */ = {isa = PBXBuildFile; fileRef = B776C5FD293C8D5A000A797A /* ContentView.swift */; };
		B776C600293C8D5E000A797A /* Assets.xcassets in Resources */ = {isa = PBXBuildFile; fileRef = B776C5FF293C8D5E000A797A /* Assets.xcassets */; };
		B776C603293C8D5E000A797A /* Preview Assets.xcassets in Resources */ = {isa = PBXBuildFile; fileRef = B776C602293C8D5E000A797A /* Preview Assets.xcassets */; };
		B776C60A293C8DE7000A797A /* HomeView.swift in Sources */ = {isa = PBXBuildFile; fileRef = B776C609293C8DE7000A797A /* HomeView.swift */; };
		B776C60C293CC30A000A797A /* AuthModel.swift in Sources */ = {isa = PBXBuildFile; fileRef = B776C60B293CC30A000A797A /* AuthModel.swift */; };
		B776C60E293CE801000A797A /* SignInView.swift in Sources */ = {isa = PBXBuildFile; fileRef = B776C60D293CE801000A797A /* SignInView.swift */; };
		B776C611293CEE6C000A797A /* FirebaseAnalytics in Frameworks */ = {isa = PBXBuildFile; productRef = B776C610293CEE6C000A797A /* FirebaseAnalytics */; };
		B776C613293CEE6C000A797A /* FirebaseAnalyticsSwift in Frameworks */ = {isa = PBXBuildFile; productRef = B776C612293CEE6C000A797A /* FirebaseAnalyticsSwift */; };
		B776C615293CEE6C000A797A /* FirebaseAuth in Frameworks */ = {isa = PBXBuildFile; productRef = B776C614293CEE6C000A797A /* FirebaseAuth */; };
		B776C617293CEE6C000A797A /* FirebaseInAppMessaging-Beta in Frameworks */ = {isa = PBXBuildFile; productRef = B776C616293CEE6C000A797A /* FirebaseInAppMessaging-Beta */; };
		B776C619293CEE6C000A797A /* FirebaseMessaging in Frameworks */ = {isa = PBXBuildFile; productRef = B776C618293CEE6C000A797A /* FirebaseMessaging */; };
		B776C61D293D04FC000A797A /* Launch Screen.storyboard in Resources */ = {isa = PBXBuildFile; fileRef = B776C61C293D04FC000A797A /* Launch Screen.storyboard */; };
/* End PBXBuildFile section */

/* Begin PBXFileReference section */
		B776C5F8293C8D5A000A797A /* SamcomTechnoBrains_Assignment.app */ = {isa = PBXFileReference; explicitFileType = wrapper.application; includeInIndex = 0; path = SamcomTechnoBrains_Assignment.app; sourceTree = BUILT_PRODUCTS_DIR; };
		B776C5FB293C8D5A000A797A /* SamcomTechnoBrains_AssignmentApp.swift */ = {isa = PBXFileReference; lastKnownFileType = sourcecode.swift; path = SamcomTechnoBrains_AssignmentApp.swift; sourceTree = "<group>"; };
		B776C5FD293C8D5A000A797A /* ContentView.swift */ = {isa = PBXFileReference; lastKnownFileType = sourcecode.swift; path = ContentView.swift; sourceTree = "<group>"; };
		B776C5FF293C8D5E000A797A /* Assets.xcassets */ = {isa = PBXFileReference; lastKnownFileType = folder.assetcatalog; path = Assets.xcassets; sourceTree = "<group>"; };
		B776C602293C8D5E000A797A /* Preview Assets.xcassets */ = {isa = PBXFileReference; lastKnownFileType = folder.assetcatalog; path = "Preview Assets.xcassets"; sourceTree = "<group>"; };
		B776C609293C8DE7000A797A /* HomeView.swift */ = {isa = PBXFileReference; lastKnownFileType = sourcecode.swift; path = HomeView.swift; sourceTree = "<group>"; };
		B776C60B293CC30A000A797A /* AuthModel.swift */ = {isa = PBXFileReference; lastKnownFileType = sourcecode.swift; path = AuthModel.swift; sourceTree = "<group>"; };
		B776C60D293CE801000A797A /* SignInView.swift */ = {isa = PBXFileReference; lastKnownFileType = sourcecode.swift; path = SignInView.swift; sourceTree = "<group>"; };
		B776C61C293D04FC000A797A /* Launch Screen.storyboard */ = {isa = PBXFileReference; lastKnownFileType = file.storyboard; path = "Launch Screen.storyboard"; sourceTree = "<group>"; };
/* End PBXFileReference section */

/* Begin PBXFrameworksBuildPhase section */
		B776C5F5293C8D5A000A797A /* Frameworks */ = {
			isa = PBXFrameworksBuildPhase;
			buildActionMask = 2147483647;
			files = (
				B776C613293CEE6C000A797A /* FirebaseAnalyticsSwift in Frameworks */,
				B776C615293CEE6C000A797A /* FirebaseAuth in Frameworks */,
				B776C619293CEE6C000A797A /* FirebaseMessaging in Frameworks */,
				B776C611293CEE6C000A797A /* FirebaseAnalytics in Frameworks */,
				B776C617293CEE6C000A797A /* FirebaseInAppMessaging-Beta in Frameworks */,
			);
			runOnlyForDeploymentPostprocessing = 0;
		};
/* End PBXFrameworksBuildPhase section */

/* Begin PBXGroup section */
		B776C5EF293C8D5A000A797A = {
			isa = PBXGroup;
			children = (
				B776C61C293D04FC000A797A /* Launch Screen.storyboard */,
				B776C5FA293C8D5A000A797A /* SamcomTechnoBrains_Assignment */,
				B776C5F9293C8D5A000A797A /* Products */,
			);
			sourceTree = "<group>";
		};
		B776C5F9293C8D5A000A797A /* Products */ = {
			isa = PBXGroup;
			children = (
				B776C5F8293C8D5A000A797A /* SamcomTechnoBrains_Assignment.app */,
			);
			name = Products;
			sourceTree = "<group>";
		};
		B776C5FA293C8D5A000A797A /* SamcomTechnoBrains_Assignment */ = {
			isa = PBXGroup;
			children = (
				B776C5FB293C8D5A000A797A /* SamcomTechnoBrains_AssignmentApp.swift */,
				B776C5FD293C8D5A000A797A /* ContentView.swift */,
				B776C60B293CC30A000A797A /* AuthModel.swift */,
				B776C60D293CE801000A797A /* SignInView.swift */,
				B776C5FF293C8D5E000A797A /* Assets.xcassets */,
				B776C609293C8DE7000A797A /* HomeView.swift */,
				B776C601293C8D5E000A797A /* Preview Content */,
			);
			path = SamcomTechnoBrains_Assignment;
			sourceTree = "<group>";
		};
		B776C601293C8D5E000A797A /* Preview Content */ = {
			isa = PBXGroup;
			children = (
				B776C602293C8D5E000A797A /* Preview Assets.xcassets */,
			);
			path = "Preview Content";
			sourceTree = "<group>";
		};
/* End PBXGroup section */

/* Begin PBXNativeTarget section */
		B776C5F7293C8D5A000A797A /* SamcomTechnoBrains_Assignment */ = {
			isa = PBXNativeTarget;
			buildConfigurationList = B776C606293C8D5E000A797A /* Build configuration list for PBXNativeTarget "SamcomTechnoBrains_Assignment" */;
			buildPhases = (
				B776C5F4293C8D5A000A797A /* Sources */,
				B776C5F5293C8D5A000A797A /* Frameworks */,
				B776C5F6293C8D5A000A797A /* Resources */,
			);
			buildRules = (
			);
			dependencies = (
			);
			name = SamcomTechnoBrains_Assignment;
			packageProductDependencies = (
				B776C610293CEE6C000A797A /* FirebaseAnalytics */,
				B776C612293CEE6C000A797A /* FirebaseAnalyticsSwift */,
				B776C614293CEE6C000A797A /* FirebaseAuth */,
				B776C616293CEE6C000A797A /* FirebaseInAppMessaging-Beta */,
				B776C618293CEE6C000A797A /* FirebaseMessaging */,
			);
			productName = SamcomTechnoBrains_Assignment;
			productReference = B776C5F8293C8D5A000A797A /* SamcomTechnoBrains_Assignment.app */;
			productType = "com.apple.product-type.application";
		};
/* End PBXNativeTarget section */

/* Begin PBXProject section */
		B776C5F0293C8D5A000A797A /* Project object */ = {
			isa = PBXProject;
			attributes = {
				BuildIndependentTargetsInParallel = 1;
				LastSwiftUpdateCheck = 1410;
				LastUpgradeCheck = 1410;
				TargetAttributes = {
					B776C5F7293C8D5A000A797A = {
						CreatedOnToolsVersion = 14.1;
					};
				};
			};
			buildConfigurationList = B776C5F3293C8D5A000A797A /* Build configuration list for PBXProject "SamcomTechnoBrains_Assignment" */;
			compatibilityVersion = "Xcode 14.0";
			developmentRegion = en;
			hasScannedForEncodings = 0;
			knownRegions = (
				en,
				Base,
			);
			mainGroup = B776C5EF293C8D5A000A797A;
			packageReferences = (
				B776C60F293CEE6C000A797A /* XCRemoteSwiftPackageReference "firebase-ios-sdk" */,
			);
			productRefGroup = B776C5F9293C8D5A000A797A /* Products */;
			projectDirPath = "";
			projectRoot = "";
			targets = (
				B776C5F7293C8D5A000A797A /* SamcomTechnoBrains_Assignment */,
			);
		};
/* End PBXProject section */

/* Begin PBXResourcesBuildPhase section */
		B776C5F6293C8D5A000A797A /* Resources */ = {
			isa = PBXResourcesBuildPhase;
			buildActionMask = 2147483647;
			files = (
				B776C61D293D04FC000A797A /* Launch Screen.storyboard in Resources */,
				B776C603293C8D5E000A797A /* Preview Assets.xcassets in Resources */,
				B776C600293C8D5E000A797A /* Assets.xcassets in Resources */,
			);
			runOnlyForDeploymentPostprocessing = 0;
		};
/* End PBXResourcesBuildPhase section */

/* Begin PBXSourcesBuildPhase section */
		B776C5F4293C8D5A000A797A /* Sources */ = {
			isa = PBXSourcesBuildPhase;
			buildActionMask = 2147483647;
			files = (
				B776C60A293C8DE7000A797A /* HomeView.swift in Sources */,
				B776C5FE293C8D5A000A797A /* ContentView.swift in Sources */,
				B776C5FC293C8D5A000A797A /* SamcomTechnoBrains_AssignmentApp.swift in Sources */,
				B776C60C293CC30A000A797A /* AuthModel.swift in Sources */,
				B776C60E293CE801000A797A /* SignInView.swift in Sources */,
			);
			runOnlyForDeploymentPostprocessing = 0;
		};
/* End PBXSourcesBuildPhase section */

/* Begin XCBuildConfiguration section */
		B776C604293C8D5E000A797A /* Debug */ = {
			isa = XCBuildConfiguration;
			buildSettings = {
				ALWAYS_SEARCH_USER_PATHS = NO;
				CLANG_ANALYZER_NONNULL = YES;
				CLANG_ANALYZER_NUMBER_OBJECT_CONVERSION = YES_AGGRESSIVE;
				CLANG_CXX_LANGUAGE_STANDARD = "gnu++20";
				CLANG_ENABLE_MODULES = YES;
				CLANG_ENABLE_OBJC_ARC = YES;
				CLANG_ENABLE_OBJC_WEAK = YES;
				CLANG_WARN_BLOCK_CAPTURE_AUTORELEASING = YES;
				CLANG_WARN_BOOL_CONVERSION = YES;
				CLANG_WARN_COMMA = YES;
				CLANG_WARN_CONSTANT_CONVERSION = YES;
				CLANG_WARN_DEPRECATED_OBJC_IMPLEMENTATIONS = YES;
				CLANG_WARN_DIRECT_OBJC_ISA_USAGE = YES_ERROR;
				CLANG_WARN_DOCUMENTATION_COMMENTS = YES;
				CLANG_WARN_EMPTY_BODY = YES;
				CLANG_WARN_ENUM_CONVERSION = YES;
				CLANG_WARN_INFINITE_RECURSION = YES;
				CLANG_WARN_INT_CONVERSION = YES;
				CLANG_WARN_NON_LITERAL_NULL_CONVERSION = YES;
				CLANG_WARN_OBJC_IMPLICIT_RETAIN_SELF = YES;
				CLANG_WARN_OBJC_LITERAL_CONVERSION = YES;
				CLANG_WARN_OBJC_ROOT_CLASS = YES_ERROR;
				CLANG_WARN_QUOTED_INCLUDE_IN_FRAMEWORK_HEADER = YES;
				CLANG_WARN_RANGE_LOOP_ANALYSIS = YES;
				CLANG_WARN_STRICT_PROTOTYPES = YES;
				CLANG_WARN_SUSPICIOUS_MOVE = YES;
				CLANG_WARN_UNGUARDED_AVAILABILITY = YES_AGGRESSIVE;
				CLANG_WARN_UNREACHABLE_CODE = YES;
				CLANG_WARN__DUPLICATE_METHOD_MATCH = YES;
				COPY_PHASE_STRIP = NO;
				DEBUG_INFORMATION_FORMAT = dwarf;
				ENABLE_STRICT_OBJC_MSGSEND = YES;
				ENABLE_TESTABILITY = YES;
				GCC_C_LANGUAGE_STANDARD = gnu11;
				GCC_DYNAMIC_NO_PIC = NO;
				GCC_NO_COMMON_BLOCKS = YES;
				GCC_OPTIMIZATION_LEVEL = 0;
				GCC_PREPROCESSOR_DEFINITIONS = (
					"DEBUG=1",
					"$(inherited)",
				);
				GCC_WARN_64_TO_32_BIT_CONVERSION = YES;
				GCC_WARN_ABOUT_RETURN_TYPE = YES_ERROR;
				GCC_WARN_UNDECLARED_SELECTOR = YES;
				GCC_WARN_UNINITIALIZED_AUTOS = YES_AGGRESSIVE;
				GCC_WARN_UNUSED_FUNCTION = YES;
				GCC_WARN_UNUSED_VARIABLE = YES;
				IPHONEOS_DEPLOYMENT_TARGET = 16.1;
				MTL_ENABLE_DEBUG_INFO = INCLUDE_SOURCE;
				MTL_FAST_MATH = YES;
				ONLY_ACTIVE_ARCH = YES;
				SDKROOT = iphoneos;
				SWIFT_ACTIVE_COMPILATION_CONDITIONS = DEBUG;
				SWIFT_OPTIMIZATION_LEVEL = "-Onone";
			};
			name = Debug;
		};
		B776C605293C8D5E000A797A /* Release */ = {
			isa = XCBuildConfiguration;
			buildSettings = {
				ALWAYS_SEARCH_USER_PATHS = NO;
				CLANG_ANALYZER_NONNULL = YES;
				CLANG_ANALYZER_NUMBER_OBJECT_CONVERSION = YES_AGGRESSIVE;
				CLANG_CXX_LANGUAGE_STANDARD = "gnu++20";
				CLANG_ENABLE_MODULES = YES;
				CLANG_ENABLE_OBJC_ARC = YES;
				CLANG_ENABLE_OBJC_WEAK = YES;
				CLANG_WARN_BLOCK_CAPTURE_AUTORELEASING = YES;
				CLANG_WARN_BOOL_CONVERSION = YES;
				CLANG_WARN_COMMA = YES;
				CLANG_WARN_CONSTANT_CONVERSION = YES;
				CLANG_WARN_DEPRECATED_OBJC_IMPLEMENTATIONS = YES;
				CLANG_WARN_DIRECT_OBJC_ISA_USAGE = YES_ERROR;
				CLANG_WARN_DOCUMENTATION_COMMENTS = YES;
				CLANG_WARN_EMPTY_BODY = YES;
				CLANG_WARN_ENUM_CONVERSION = YES;
				CLANG_WARN_INFINITE_RECURSION = YES;
				CLANG_WARN_INT_CONVERSION = YES;
				CLANG_WARN_NON_LITERAL_NULL_CONVERSION = YES;
				CLANG_WARN_OBJC_IMPLICIT_RETAIN_SELF = YES;
				CLANG_WARN_OBJC_LITERAL_CONVERSION = YES;
				CLANG_WARN_OBJC_ROOT_CLASS = YES_ERROR;
				CLANG_WARN_QUOTED_INCLUDE_IN_FRAMEWORK_HEADER = YES;
				CLANG_WARN_RANGE_LOOP_ANALYSIS = YES;
				CLANG_WARN_STRICT_PROTOTYPES = YES;
				CLANG_WARN_SUSPICIOUS_MOVE = YES;
				CLANG_WARN_UNGUARDED_AVAILABILITY = YES_AGGRESSIVE;
				CLANG_WARN_UNREACHABLE_CODE = YES;
				CLANG_WARN__DUPLICATE_METHOD_MATCH = YES;
				COPY_PHASE_STRIP = NO;
				DEBUG_INFORMATION_FORMAT = "dwarf-with-dsym";
				ENABLE_NS_ASSERTIONS = NO;
				ENABLE_STRICT_OBJC_MSGSEND = YES;
				GCC_C_LANGUAGE_STANDARD = gnu11;
				GCC_NO_COMMON_BLOCKS = YES;
				GCC_WARN_64_TO_32_BIT_CONVERSION = YES;
				GCC_WARN_ABOUT_RETURN_TYPE = YES_ERROR;
				GCC_WARN_UNDECLARED_SELECTOR = YES;
				GCC_WARN_UNINITIALIZED_AUTOS = YES_AGGRESSIVE;
				GCC_WARN_UNUSED_FUNCTION = YES;
				GCC_WARN_UNUSED_VARIABLE = YES;
				IPHONEOS_DEPLOYMENT_TARGET = 16.1;
				MTL_ENABLE_DEBUG_INFO = NO;
				MTL_FAST_MATH = YES;
				SDKROOT = iphoneos;
				SWIFT_COMPILATION_MODE = wholemodule;
				SWIFT_OPTIMIZATION_LEVEL = "-O";
				VALIDATE_PRODUCT = YES;
			};
			name = Release;
		};
		B776C607293C8D5E000A797A /* Debug */ = {
			isa = XCBuildConfiguration;
			buildSettings = {
				ASSETCATALOG_COMPILER_APPICON_NAME = AppIcon;
				ASSETCATALOG_COMPILER_GLOBAL_ACCENT_COLOR_NAME = AccentColor;
				ASSETCATALOG_COMPILER_INCLUDE_ALL_APPICON_ASSETS = YES;
				CODE_SIGN_STYLE = Automatic;
				CURRENT_PROJECT_VERSION = 1;
				DEVELOPMENT_ASSET_PATHS = "\"SamcomTechnoBrains_Assignment/Preview Content\"";
				DEVELOPMENT_TEAM = 3G46N5JLN2;
				ENABLE_PREVIEWS = YES;
				GENERATE_INFOPLIST_FILE = YES;
				INFOPLIST_KEY_UIApplicationSceneManifest_Generation = YES;
				INFOPLIST_KEY_UIApplicationSupportsIndirectInputEvents = YES;
				INFOPLIST_KEY_UILaunchScreen_Generation = YES;
				INFOPLIST_KEY_UILaunchStoryboardName = "Launch Screen.storyboard";
				INFOPLIST_KEY_UISupportedInterfaceOrientations_iPad = "UIInterfaceOrientationPortrait UIInterfaceOrientationPortraitUpsideDown UIInterfaceOrientationLandscapeLeft UIInterfaceOrientationLandscapeRight";
				INFOPLIST_KEY_UISupportedInterfaceOrientations_iPhone = "UIInterfaceOrientationPortrait UIInterfaceOrientationLandscapeLeft UIInterfaceOrientationLandscapeRight";
				LD_RUNPATH_SEARCH_PATHS = (
					"$(inherited)",
					"@executable_path/Frameworks",
				);
				MARKETING_VERSION = 1.0;
				PRODUCT_BUNDLE_IDENTIFIER = "com.bitdegree.SamcomTechnoBrains-Assignment";
				PRODUCT_NAME = "$(TARGET_NAME)";
				SWIFT_EMIT_LOC_STRINGS = YES;
				SWIFT_VERSION = 5.0;
				TARGETED_DEVICE_FAMILY = "1,2";
			};
			name = Debug;
		};
		B776C608293C8D5E000A797A /* Release */ = {
			isa = XCBuildConfiguration;
			buildSettings = {
				ASSETCATALOG_COMPILER_APPICON_NAME = AppIcon;
				ASSETCATALOG_COMPILER_GLOBAL_ACCENT_COLOR_NAME = AccentColor;
				ASSETCATALOG_COMPILER_INCLUDE_ALL_APPICON_ASSETS = YES;
				CODE_SIGN_STYLE = Automatic;
				CURRENT_PROJECT_VERSION = 1;
				DEVELOPMENT_ASSET_PATHS = "\"SamcomTechnoBrains_Assignment/Preview Content\"";
				DEVELOPMENT_TEAM = 3G46N5JLN2;
				ENABLE_PREVIEWS = YES;
				GENERATE_INFOPLIST_FILE = YES;
				INFOPLIST_KEY_UIApplicationSceneManifest_Generation = YES;
				INFOPLIST_KEY_UIApplicationSupportsIndirectInputEvents = YES;
				INFOPLIST_KEY_UILaunchScreen_Generation = YES;
				INFOPLIST_KEY_UILaunchStoryboardName = "Launch Screen.storyboard";
				INFOPLIST_KEY_UISupportedInterfaceOrientations_iPad = "UIInterfaceOrientationPortrait UIInterfaceOrientationPortraitUpsideDown UIInterfaceOrientationLandscapeLeft UIInterfaceOrientationLandscapeRight";
				INFOPLIST_KEY_UISupportedInterfaceOrientations_iPhone = "UIInterfaceOrientationPortrait UIInterfaceOrientationLandscapeLeft UIInterfaceOrientationLandscapeRight";
				LD_RUNPATH_SEARCH_PATHS = (
					"$(inherited)",
					"@executable_path/Frameworks",
				);
				MARKETING_VERSION = 1.0;
				PRODUCT_BUNDLE_IDENTIFIER = "com.bitdegree.SamcomTechnoBrains-Assignment";
				PRODUCT_NAME = "$(TARGET_NAME)";
				SWIFT_EMIT_LOC_STRINGS = YES;
				SWIFT_VERSION = 5.0;
				TARGETED_DEVICE_FAMILY = "1,2";
			};
			name = Release;
		};
/* End XCBuildConfiguration section */

/* Begin XCConfigurationList section */
		B776C5F3293C8D5A000A797A /* Build configuration list for PBXProject "SamcomTechnoBrains_Assignment" */ = {
			isa = XCConfigurationList;
			buildConfigurations = (
				B776C604293C8D5E000A797A /* Debug */,
				B776C605293C8D5E000A797A /* Release */,
			);
			defaultConfigurationIsVisible = 0;
			defaultConfigurationName = Release;
		};
		B776C606293C8D5E000A797A /* Build configuration list for PBXNativeTarget "SamcomTechnoBrains_Assignment" */ = {
			isa = XCConfigurationList;
			buildConfigurations = (
				B776C607293C8D5E000A797A /* Debug */,
				B776C608293C8D5E000A797A /* Release */,
			);
			defaultConfigurationIsVisible = 0;
			defaultConfigurationName = Release;
		};
/* End XCConfigurationList section */

/* Begin XCRemoteSwiftPackageReference section */
		B776C60F293CEE6C000A797A /* XCRemoteSwiftPackageReference "firebase-ios-sdk" */ = {
			isa = XCRemoteSwiftPackageReference;
			repositoryURL = "https://github.com/firebase/firebase-ios-sdk.git";
			requirement = {
				kind = upToNextMajorVersion;
				minimumVersion = 9.0.0;
			};
		};
/* End XCRemoteSwiftPackageReference section */

/* Begin XCSwiftPackageProductDependency section */
		B776C610293CEE6C000A797A /* FirebaseAnalytics */ = {
			isa = XCSwiftPackageProductDependency;
			package = B776C60F293CEE6C000A797A /* XCRemoteSwiftPackageReference "firebase-ios-sdk" */;
			productName = FirebaseAnalytics;
		};
		B776C612293CEE6C000A797A /* FirebaseAnalyticsSwift */ = {
			isa = XCSwiftPackageProductDependency;
			package = B776C60F293CEE6C000A797A /* XCRemoteSwiftPackageReference "firebase-ios-sdk" */;
			productName = FirebaseAnalyticsSwift;
		};
		B776C614293CEE6C000A797A /* FirebaseAuth */ = {
			isa = XCSwiftPackageProductDependency;
			package = B776C60F293CEE6C000A797A /* XCRemoteSwiftPackageReference "firebase-ios-sdk" */;
			productName = FirebaseAuth;
		};
		B776C616293CEE6C000A797A /* FirebaseInAppMessaging-Beta */ = {
			isa = XCSwiftPackageProductDependency;
			package = B776C60F293CEE6C000A797A /* XCRemoteSwiftPackageReference "firebase-ios-sdk" */;
			productName = "FirebaseInAppMessaging-Beta";
		};
		B776C618293CEE6C000A797A /* FirebaseMessaging */ = {
			isa = XCSwiftPackageProductDependency;
			package = B776C60F293CEE6C000A797A /* XCRemoteSwiftPackageReference "firebase-ios-sdk" */;
			productName = FirebaseMessaging;
		};
/* End XCSwiftPackageProductDependency section */
	};
	rootObject = B776C5F0293C8D5A000A797A /* Project object */;
}
